
Microsoft Visual Studio Solution File, Format Version 12.00
# Visual Studio Version 17
VisualStudioVersion = 17.8.34525.116
MinimumVisualStudioVersion = 10.0.40219.1
Project("{FAE04EC0-301F-11D3-BF4B-00C04F79EFBC}") = "Projeto3DS", "Projeto3DS\Projeto3DS.csproj", "{7C45ECD0-C7C5-424D-AC75-CF2B7CFCC072}"
EndProject
Global
	GlobalSection(SolutionConfigurationPlatforms) = preSolution
		Debug|Any CPU = Debug|Any CPU
		Release|Any CPU = Release|Any CPU
	EndGlobalSection
	GlobalSection(ProjectConfigurationPlatforms) = postSolution
		{7C45ECD0-C7C5-424D-AC75-CF2B7CFCC072}.Debug|Any CPU.ActiveCfg = Debug|Any CPU
		{7C45ECD0-C7C5-424D-AC75-CF2B7CFCC072}.Debug|Any CPU.Build.0 = Debug|Any CPU
		{7C45ECD0-C7C5-424D-AC75-CF2B7CFCC072}.Release|Any CPU.ActiveCfg = Release|Any CPU
		{7C45ECD0-C7C5-424D-AC75-CF2B7CFCC072}.Release|Any CPU.Build.0 = Release|Any CPU
	EndGlobalSection
	GlobalSection(SolutionProperties) = preSolution
		HideSolutionNode = FALSE
	EndGlobalSection
	GlobalSection(ExtensibilityGlobals) = postSolution
		SolutionGuid = {4623D60A-D7ED-4A9A-969E-7A561B653FC4}
	EndGlobalSection
EndGlobal
